# This file is automatically @generated by Poetry 1.4.1 and should not be changed by hand.

[[package]]
name = "bitstring"
version = "4.0.1"
description = "Simple construction, analysis and modification of binary data."
category = "main"
optional = false
python-versions = ">=3.7"
files = [
    {file = "bitstring-4.0.1-py3-none-any.whl", hash = "sha256:4a27cdefd95eb535c4b79e0afcdb5532ba1dba0aaed98a31ad98f46b1e0d5bd9"},
    {file = "bitstring-4.0.1.tar.gz", hash = "sha256:7719f08f6df89ce28453a5e580d4a8ec1d1bda892dbb033466da0ccd9bdcb706"},
]

[metadata]
lock-version = "2.0"
python-versions = "^3.10"
content-hash = "153d5d8b160fed91f7f2a9b09fd493229691882942af8bc79d399f190899a9f0"
